
Microsoft Visual Studio Solution File, Format Version 12.00
# Visual Studio Version 17
VisualStudioVersion = 17.13.35919.96 d17.13
MinimumVisualStudioVersion = 10.0.40219.1
Project("{FAE04EC0-301F-11D3-BF4B-00C04F79EFBC}") = "ReqnrollProjectDemo", "ReqnrollProjectDemo.csproj", "{FAF86773-F79F-4A39-AFA2-735C22ACA92F}"
EndProject
Global
	GlobalSection(SolutionConfigurationPlatforms) = preSolution
		Debug|Any CPU = Debug|Any CPU
		Release|Any CPU = Release|Any CPU
	EndGlobalSection
	GlobalSection(ProjectConfigurationPlatforms) = postSolution
		{FAF86773-F79F-4A39-AFA2-735C22ACA92F}.Debug|Any CPU.ActiveCfg = Debug|Any CPU
		{FAF86773-F79F-4A39-AFA2-735C22ACA92F}.Debug|Any CPU.Build.0 = Debug|Any CPU
		{FAF86773-F79F-4A39-AFA2-735C22ACA92F}.Release|Any CPU.ActiveCfg = Release|Any CPU
		{FAF86773-F79F-4A39-AFA2-735C22ACA92F}.Release|Any CPU.Build.0 = Release|Any CPU
	EndGlobalSection
	GlobalSection(SolutionProperties) = preSolution
		HideSolutionNode = FALSE
	EndGlobalSection
	GlobalSection(ExtensibilityGlobals) = postSolution
		SolutionGuid = {C5D18ACF-2682-40FC-8526-B3DC667BE6A9}
	EndGlobalSection
EndGlobal
